dependencies:
- name: fluent-bit
  repository: https://fluent.github.io/helm-charts
  version: 0.21.2
- name: haproxy
  repository: https://haproxytech.github.io/helm-charts
  version: 1.17.3
- name: spotfire-common
  repository: file://../spotfire-common
  version: 0.1.4
digest: sha256:c22534382a27d5ee20be9e7819b99360d75a4cc8cbae711bf1c39d99a2e8a941
generated: "2023-01-23T14:54:54.63988751+01:00"
