dependencies:
- name: fluent-bit
  repository: https://fluent.github.io/helm-charts
  version: 0.20.7
- name: haproxy
  repository: https://haproxytech.github.io/helm-charts
  version: 1.17.0
- name: spotfire-common
  repository: file://../spotfire-common
  version: 0.1.3
digest: sha256:d1d6f3d6f8aa64aa2a779c1ada363d8f59ae11a05d92e2bbd0286f27475a8b26
generated: "2022-09-12T14:21:39.5396634+02:00"
